
Microsoft Visual Studio Solution File, Format Version 12.00
# Visual Studio Version 16
VisualStudioVersion = 16.0.30907.101
MinimumVisualStudioVersion = 10.0.40219.1
Project("{9A19103F-16F7-4668-BE54-9A1E7A4F7556}") = "SABBIRGAME", "SABBIRGAME\SABBIRGAME.csproj", "{0DE5DC66-2A17-48E3-9E2E-86F818FC4D90}"
EndProject
Project("{9A19103F-16F7-4668-BE54-9A1E7A4F7556}") = "Helpers", "Helpers\Helpers.csproj", "{69CD6387-CB44-4DD6-8B37-4183E799FFF2}"
EndProject
Project("{9A19103F-16F7-4668-BE54-9A1E7A4F7556}") = "NABILHACKER", "NABILHACKER\NABILHACKER.csproj", "{32F5469D-2A06-4C17-9E5F-7DEFD94D836A}"
EndProject
Project("{9A19103F-16F7-4668-BE54-9A1E7A4F7556}") = "NABILHACKER2", "NABILHACKER2\NABILHACKER2.csproj", "{6E7619CC-07DA-47FD-A655-9596CA7DF56B}"
EndProject
Project("{9A19103F-16F7-4668-BE54-9A1E7A4F7556}") = "NABILHACKER3", "NABILHACKER3\NABILHACKER3.csproj", "{104EA44B-9BE6-449D-BB34-67545ABC5643}"
EndProject
Project("{9A19103F-16F7-4668-BE54-9A1E7A4F7556}") = "NABILHACKER4", "NABILHACKER4\NABILHACKER4.csproj", "{C1FCA192-1752-40B0-BB8C-C788EA48A011}"
EndProject
Project("{FAE04EC0-301F-11D3-BF4B-00C04F79EFBC}") = "RPNEVAL", "RPNEVAL\RPNEVAL.csproj", "{665A19BE-4890-4549-B389-6E8B55A051D6}"
EndProject
Global
	GlobalSection(SolutionConfigurationPlatforms) = preSolution
		Debug|Any CPU = Debug|Any CPU
		Release|Any CPU = Release|Any CPU
	EndGlobalSection
	GlobalSection(ProjectConfigurationPlatforms) = postSolution
		{0DE5DC66-2A17-48E3-9E2E-86F818FC4D90}.Debug|Any CPU.ActiveCfg = Debug|Any CPU
		{0DE5DC66-2A17-48E3-9E2E-86F818FC4D90}.Debug|Any CPU.Build.0 = Debug|Any CPU
		{0DE5DC66-2A17-48E3-9E2E-86F818FC4D90}.Release|Any CPU.ActiveCfg = Release|Any CPU
		{0DE5DC66-2A17-48E3-9E2E-86F818FC4D90}.Release|Any CPU.Build.0 = Release|Any CPU
		{69CD6387-CB44-4DD6-8B37-4183E799FFF2}.Debug|Any CPU.ActiveCfg = Debug|Any CPU
		{69CD6387-CB44-4DD6-8B37-4183E799FFF2}.Debug|Any CPU.Build.0 = Debug|Any CPU
		{69CD6387-CB44-4DD6-8B37-4183E799FFF2}.Release|Any CPU.ActiveCfg = Release|Any CPU
		{69CD6387-CB44-4DD6-8B37-4183E799FFF2}.Release|Any CPU.Build.0 = Release|Any CPU
		{32F5469D-2A06-4C17-9E5F-7DEFD94D836A}.Debug|Any CPU.ActiveCfg = Debug|Any CPU
		{32F5469D-2A06-4C17-9E5F-7DEFD94D836A}.Debug|Any CPU.Build.0 = Debug|Any CPU
		{32F5469D-2A06-4C17-9E5F-7DEFD94D836A}.Release|Any CPU.ActiveCfg = Release|Any CPU
		{32F5469D-2A06-4C17-9E5F-7DEFD94D836A}.Release|Any CPU.Build.0 = Release|Any CPU
		{6E7619CC-07DA-47FD-A655-9596CA7DF56B}.Debug|Any CPU.ActiveCfg = Debug|Any CPU
		{6E7619CC-07DA-47FD-A655-9596CA7DF56B}.Debug|Any CPU.Build.0 = Debug|Any CPU
		{6E7619CC-07DA-47FD-A655-9596CA7DF56B}.Release|Any CPU.ActiveCfg = Release|Any CPU
		{6E7619CC-07DA-47FD-A655-9596CA7DF56B}.Release|Any CPU.Build.0 = Release|Any CPU
		{104EA44B-9BE6-449D-BB34-67545ABC5643}.Debug|Any CPU.ActiveCfg = Debug|Any CPU
		{104EA44B-9BE6-449D-BB34-67545ABC5643}.Debug|Any CPU.Build.0 = Debug|Any CPU
		{104EA44B-9BE6-449D-BB34-67545ABC5643}.Release|Any CPU.ActiveCfg = Release|Any CPU
		{104EA44B-9BE6-449D-BB34-67545ABC5643}.Release|Any CPU.Build.0 = Release|Any CPU
		{C1FCA192-1752-40B0-BB8C-C788EA48A011}.Debug|Any CPU.ActiveCfg = Debug|Any CPU
		{C1FCA192-1752-40B0-BB8C-C788EA48A011}.Debug|Any CPU.Build.0 = Debug|Any CPU
		{C1FCA192-1752-40B0-BB8C-C788EA48A011}.Release|Any CPU.ActiveCfg = Release|Any CPU
		{C1FCA192-1752-40B0-BB8C-C788EA48A011}.Release|Any CPU.Build.0 = Release|Any CPU
		{665A19BE-4890-4549-B389-6E8B55A051D6}.Debug|Any CPU.ActiveCfg = Debug|Any CPU
		{665A19BE-4890-4549-B389-6E8B55A051D6}.Debug|Any CPU.Build.0 = Debug|Any CPU
		{665A19BE-4890-4549-B389-6E8B55A051D6}.Release|Any CPU.ActiveCfg = Release|Any CPU
		{665A19BE-4890-4549-B389-6E8B55A051D6}.Release|Any CPU.Build.0 = Release|Any CPU
	EndGlobalSection
	GlobalSection(SolutionProperties) = preSolution
		HideSolutionNode = FALSE
	EndGlobalSection
	GlobalSection(ExtensibilityGlobals) = postSolution
		SolutionGuid = {5ABE78E3-2537-49F0-847D-6D12F96CD813}
	EndGlobalSection
EndGlobal
